
Microsoft Visual Studio Solution File, Format Version 12.00
# Visual Studio 15
VisualStudioVersion = 15.0.27703.2000
MinimumVisualStudioVersion = 10.0.40219.1
Project("{9A19103F-16F7-4668-BE54-9A1E7A4F7556}") = "tables.auditoria.poc", "tables.auditoria.poc\tables.auditoria.poc.csproj", "{33ED0455-6EAA-44F7-8598-9A20E349A169}"
EndProject
Global
	GlobalSection(SolutionConfigurationPlatforms) = preSolution
		Debug|Any CPU = Debug|Any CPU
		Release|Any CPU = Release|Any CPU
	EndGlobalSection
	GlobalSection(ProjectConfigurationPlatforms) = postSolution
		{33ED0455-6EAA-44F7-8598-9A20E349A169}.Debug|Any CPU.ActiveCfg = Debug|Any CPU
		{33ED0455-6EAA-44F7-8598-9A20E349A169}.Debug|Any CPU.Build.0 = Debug|Any CPU
		{33ED0455-6EAA-44F7-8598-9A20E349A169}.Release|Any CPU.ActiveCfg = Release|Any CPU
		{33ED0455-6EAA-44F7-8598-9A20E349A169}.Release|Any CPU.Build.0 = Release|Any CPU
	EndGlobalSection
	GlobalSection(SolutionProperties) = preSolution
		HideSolutionNode = FALSE
	EndGlobalSection
	GlobalSection(ExtensibilityGlobals) = postSolution
		SolutionGuid = {56C575A8-5748-4064-8A99-CD9124CD685F}
	EndGlobalSection
EndGlobal
